version = 1
requires-python = ">=3.12"

[[package]]
name = "grpcio"
version = "1.67.1"
source = { registry = "https://pypi.org/simple" }
sdist = { url = "https://files.pythonhosted.org/packages/20/53/d9282a66a5db45981499190b77790570617a604a38f3d103d0400974aeb5/grpcio-1.67.1.tar.gz", hash = "sha256:3dc2ed4cabea4dc14d5e708c2b426205956077cc5de419b4d4079315017e9732", size = 12580022 }
wheels = [
    { url = "https://files.pythonhosted.org/packages/6e/25/6f95bd18d5f506364379eabc0d5874873cc7dbdaf0757df8d1e82bc07a88/grpcio-1.67.1-cp312-cp312-linux_armv7l.whl", hash = "sha256:267d1745894200e4c604958da5f856da6293f063327cb049a51fe67348e4f953", size = 5089809 },
    { url = "https://files.pythonhosted.org/packages/10/3f/d79e32e5d0354be33a12db2267c66d3cfeff700dd5ccdd09fd44a3ff4fb6/grpcio-1.67.1-cp312-cp312-macosx_10_9_universal2.whl", hash = "sha256:85f69fdc1d28ce7cff8de3f9c67db2b0ca9ba4449644488c1e0303c146135ddb", size = 10981985 },
    { url = "https://files.pythonhosted.org/packages/21/f2/36fbc14b3542e3a1c20fb98bd60c4732c55a44e374a4eb68f91f28f14aab/grpcio-1.67.1-cp312-cp312-manylinux_2_17_aarch64.whl", hash = "sha256:f26b0b547eb8d00e195274cdfc63ce64c8fc2d3e2d00b12bf468ece41a0423a0", size = 5588770 },
    { url = "https://files.pythonhosted.org/packages/0d/af/bbc1305df60c4e65de8c12820a942b5e37f9cf684ef5e49a63fbb1476a73/grpcio-1.67.1-cp312-cp312-manylinux_2_17_i686.manylinux2014_i686.whl", hash = "sha256:4422581cdc628f77302270ff839a44f4c24fdc57887dc2a45b7e53d8fc2376af", size = 6214476 },
    { url = "https://files.pythonhosted.org/packages/92/cf/1d4c3e93efa93223e06a5c83ac27e32935f998bc368e276ef858b8883154/grpcio-1.67.1-cp312-cp312-manylinux_2_17_x86_64.manylinux2014_x86_64.whl", hash = "sha256:1d7616d2ded471231c701489190379e0c311ee0a6c756f3c03e6a62b95a7146e", size = 5850129 },
    { url = "https://files.pythonhosted.org/packages/ae/ca/26195b66cb253ac4d5ef59846e354d335c9581dba891624011da0e95d67b/grpcio-1.67.1-cp312-cp312-musllinux_1_1_i686.whl", hash = "sha256:8a00efecde9d6fcc3ab00c13f816313c040a28450e5e25739c24f432fc6d3c75", size = 6568489 },
    { url = "https://files.pythonhosted.org/packages/d1/94/16550ad6b3f13b96f0856ee5dfc2554efac28539ee84a51d7b14526da985/grpcio-1.67.1-cp312-cp312-musllinux_1_1_x86_64.whl", hash = "sha256:699e964923b70f3101393710793289e42845791ea07565654ada0969522d0a38", size = 6149369 },
    { url = "https://files.pythonhosted.org/packages/33/0d/4c3b2587e8ad7f121b597329e6c2620374fccbc2e4e1aa3c73ccc670fde4/grpcio-1.67.1-cp312-cp312-win32.whl", hash = "sha256:4e7b904484a634a0fff132958dabdb10d63e0927398273917da3ee103e8d1f78", size = 3599176 },
    { url = "https://files.pythonhosted.org/packages/7d/36/0c03e2d80db69e2472cf81c6123aa7d14741de7cf790117291a703ae6ae1/grpcio-1.67.1-cp312-cp312-win_amd64.whl", hash = "sha256:5721e66a594a6c4204458004852719b38f3d5522082be9061d6510b455c90afc", size = 4346574 },
    { url = "https://files.pythonhosted.org/packages/12/d2/2f032b7a153c7723ea3dea08bffa4bcaca9e0e5bdf643ce565b76da87461/grpcio-1.67.1-cp313-cp313-linux_armv7l.whl", hash = "sha256:aa0162e56fd10a5547fac8774c4899fc3e18c1aa4a4759d0ce2cd00d3696ea6b", size = 5091487 },
    { url = "https://files.pythonhosted.org/packages/d0/ae/ea2ff6bd2475a082eb97db1104a903cf5fc57c88c87c10b3c3f41a184fc0/grpcio-1.67.1-cp313-cp313-macosx_10_13_universal2.whl", hash = "sha256:beee96c8c0b1a75d556fe57b92b58b4347c77a65781ee2ac749d550f2a365dc1", size = 10943530 },
    { url = "https://files.pythonhosted.org/packages/07/62/646be83d1a78edf8d69b56647327c9afc223e3140a744c59b25fbb279c3b/grpcio-1.67.1-cp313-cp313-manylinux_2_17_aarch64.whl", hash = "sha256:a93deda571a1bf94ec1f6fcda2872dad3ae538700d94dc283c672a3b508ba3af", size = 5589079 },
    { url = "https://files.pythonhosted.org/packages/d0/25/71513d0a1b2072ce80d7f5909a93596b7ed10348b2ea4fdcbad23f6017bf/grpcio-1.67.1-cp313-cp313-manylinux_2_17_i686.manylinux2014_i686.whl", hash = "sha256:0e6f255980afef598a9e64a24efce87b625e3e3c80a45162d111a461a9f92955", size = 6213542 },
    { url = "https://files.pythonhosted.org/packages/76/9a/d21236297111052dcb5dc85cd77dc7bf25ba67a0f55ae028b2af19a704bc/grpcio-1.67.1-cp313-cp313-manylinux_2_17_x86_64.manylinux2014_x86_64.whl", hash = "sha256:9e838cad2176ebd5d4a8bb03955138d6589ce9e2ce5d51c3ada34396dbd2dba8", size = 5850211 },
    { url = "https://files.pythonhosted.org/packages/2d/fe/70b1da9037f5055be14f359026c238821b9bcf6ca38a8d760f59a589aacd/grpcio-1.67.1-cp313-cp313-musllinux_1_1_i686.whl", hash = "sha256:a6703916c43b1d468d0756c8077b12017a9fcb6a1ef13faf49e67d20d7ebda62", size = 6572129 },
    { url = "https://files.pythonhosted.org/packages/74/0d/7df509a2cd2a54814598caf2fb759f3e0b93764431ff410f2175a6efb9e4/grpcio-1.67.1-cp313-cp313-musllinux_1_1_x86_64.whl", hash = "sha256:917e8d8994eed1d86b907ba2a61b9f0aef27a2155bca6cbb322430fc7135b7bb", size = 6149819 },
    { url = "https://files.pythonhosted.org/packages/0a/08/bc3b0155600898fd10f16b79054e1cca6cb644fa3c250c0fe59385df5e6f/grpcio-1.67.1-cp313-cp313-win32.whl", hash = "sha256:e279330bef1744040db8fc432becc8a727b84f456ab62b744d3fdb83f327e121", size = 3596561 },
    { url = "https://files.pythonhosted.org/packages/5a/96/44759eca966720d0f3e1b105c43f8ad4590c97bf8eb3cd489656e9590baa/grpcio-1.67.1-cp313-cp313-win_amd64.whl", hash = "sha256:fa0c739ad8b1996bd24823950e3cb5152ae91fca1c09cc791190bf1627ffefba", size = 4346042 },
]

[[package]]
name = "grpcio-tools"
version = "1.67.1"
source = { registry = "https://pypi.org/simple" }
dependencies = [
    { name = "grpcio" },
    { name = "protobuf" },
    { name = "setuptools" },
]
sdist = { url = "https://files.pythonhosted.org/packages/ae/f9/6facde12a5a8da4398a3a8947f8ba6ef33b408dfc9767c8cefc0074ddd68/grpcio_tools-1.67.1.tar.gz", hash = "sha256:d9657f5ddc62b52f58904e6054b7d8a8909ed08a1e28b734be3a707087bcf004", size = 5159073 }
wheels = [
    { url = "https://files.pythonhosted.org/packages/d9/cf/7b1908ca72e484bac555431036292c48d2d6504a45e2789848cb5ff313a8/grpcio_tools-1.67.1-cp312-cp312-linux_armv7l.whl", hash = "sha256:bd5caef3a484e226d05a3f72b2d69af500dca972cf434bf6b08b150880166f0b", size = 2307645 },
    { url = "https://files.pythonhosted.org/packages/bb/15/0d1efb38af8af7e56b2342322634a3caf5f1337a6c3857a6d14aa590dfdf/grpcio_tools-1.67.1-cp312-cp312-macosx_10_9_universal2.whl", hash = "sha256:48a2d63d1010e5b218e8e758ecb2a8d63c0c6016434e9f973df1c3558917020a", size = 5525468 },
    { url = "https://files.pythonhosted.org/packages/52/42/a810709099f09ade7f32990c0712c555b3d7eab6a05fb62618c17f8fe9da/grpcio_tools-1.67.1-cp312-cp312-manylinux_2_17_aarch64.whl", hash = "sha256:baa64a6aa009bffe86309e236c81b02cd4a88c1ebd66f2d92e84e9b97a9ae857", size = 2281768 },
    { url = "https://files.pythonhosted.org/packages/4c/2a/64ee6cfdf1c32ef8bdd67bf04ae2f745f517f4a546281453ca1f68fa79ca/grpcio_tools-1.67.1-cp312-cp312-manylinux_2_17_i686.manylinux2014_i686.whl", hash = "sha256:4ab318c40b5e3c097a159035fc3e4ecfbe9b3d2c9de189e55468b2c27639a6ab", size = 2617359 },
    { url = "https://files.pythonhosted.org/packages/79/7f/1ed8cd1529253fef9cf0ef3cd8382641125a5ca2eaa08eaffbb549f84e0b/grpcio_tools-1.67.1-cp312-cp312-manylinux_2_17_x86_64.manylinux2014_x86_64.whl", hash = "sha256:50eba3e31f9ac1149463ad9182a37349850904f142cffbd957cd7f54ec320b8e", size = 2415323 },
    { url = "https://files.pythonhosted.org/packages/8e/08/59f0073c58703c176c15fb1a838763b77c1c06994adba16654b92a666e1b/grpcio_tools-1.67.1-cp312-cp312-musllinux_1_1_i686.whl", hash = "sha256:de6fbc071ecc4fe6e354a7939202191c1f1abffe37fbce9b08e7e9a5b93eba3d", size = 3225051 },
    { url = "https://files.pythonhosted.org/packages/b7/0d/a5d703214fe49d261b4b8f0a64140a4dc1f88560724a38ad937120b899ad/grpcio_tools-1.67.1-cp312-cp312-musllinux_1_1_x86_64.whl", hash = "sha256:db9e87f6ea4b0ce99b2651203480585fd9e8dd0dd122a19e46836e93e3a1b749", size = 2870421 },
    { url = "https://files.pythonhosted.org/packages/ac/af/41d79cb87eae99c0348e8f1fb3dbed9e40a6f63548b216e99f4d1165fa5c/grpcio_tools-1.67.1-cp312-cp312-win32.whl", hash = "sha256:6a595a872fb720dde924c4e8200f41d5418dd6baab8cc1a3c1e540f8f4596351", size = 940542 },
    { url = "https://files.pythonhosted.org/packages/66/e5/096e12f5319835aa2bcb746d49ae62220bb48313ca649e89bdbef605c11d/grpcio_tools-1.67.1-cp312-cp312-win_amd64.whl", hash = "sha256:92eebb9b31031604ae97ea7657ae2e43149b0394af7117ad7e15894b6cc136dc", size = 1090425 },
    { url = "https://files.pythonhosted.org/packages/62/b3/91c88440c978740752d39f1abae83f21408048b98b93652ebd84f974ad3d/grpcio_tools-1.67.1-cp313-cp313-linux_armv7l.whl", hash = "sha256:9a3b9510cc87b6458b05ad49a6dee38df6af37f9ee6aa027aa086537798c3d4a", size = 2307453 },
    { url = "https://files.pythonhosted.org/packages/05/33/faf3330825463c0409fa3891bc1459bf86a00055b19790211365279538d7/grpcio_tools-1.67.1-cp313-cp313-macosx_10_13_universal2.whl", hash = "sha256:9e4c9b9fa9b905f15d414cb7bd007ba7499f8907bdd21231ab287a86b27da81a", size = 5517975 },
    { url = "https://files.pythonhosted.org/packages/bd/78/461ab34cadbd0b5b9a0b6efedda96b58e0de471e3fa91d8e4a4e31924e1b/grpcio_tools-1.67.1-cp313-cp313-manylinux_2_17_aarch64.whl", hash = "sha256:e11a98b41af4bc88b7a738232b8fa0306ad82c79fa5d7090bb607f183a57856f", size = 2281081 },
    { url = "https://files.pythonhosted.org/packages/5f/0c/b30bdbcab1795b12e05adf30c20981c14f66198e22044edb15b3c1d9f0bc/grpcio_tools-1.67.1-cp313-cp313-manylinux_2_17_i686.manylinux2014_i686.whl", hash = "sha256:de0fcfe61c26679d64b1710746f2891f359593f76894fcf492c37148d5694f00", size = 2616929 },
    { url = "https://files.pythonhosted.org/packages/d3/c2/a77ca68ae768f8d5f1d070ea4afc42fda40401083e7c4f5c08211e84de38/grpcio_tools-1.67.1-cp313-cp313-manylinux_2_17_x86_64.manylinux2014_x86_64.whl", hash = "sha256:7ae3b3e2ee5aad59dece65a613624c46a84c9582fc3642686537c6dfae8e47dc", size = 2414633 },
    { url = "https://files.pythonhosted.org/packages/39/70/8d7131dccfe4d7b739c96ada7ea9acde631f58f013eae773791fb490a3eb/grpcio_tools-1.67.1-cp313-cp313-musllinux_1_1_i686.whl", hash = "sha256:9a630f83505b6471a3094a7a372a1240de18d0cd3e64f4fbf46b361bac2be65b", size = 3224328 },
    { url = "https://files.pythonhosted.org/packages/2a/28/2d24b933ccf0d6877035aa3d5f8b64aad18c953657dd43c682b5701dc127/grpcio_tools-1.67.1-cp313-cp313-musllinux_1_1_x86_64.whl", hash = "sha256:d85a1fcbacd3e08dc2b3d1d46b749351a9a50899fa35cf2ff040e1faf7d405ad", size = 2869640 },
    { url = "https://files.pythonhosted.org/packages/37/77/ddd2b4cc896639fb0f85fc21d5684f25080ee28845c5a4031e3dd65fdc92/grpcio_tools-1.67.1-cp313-cp313-win32.whl", hash = "sha256:778470f025f25a1fca5a48c93c0a18af395b46b12dd8df7fca63736b85181f41", size = 939997 },
    { url = "https://files.pythonhosted.org/packages/96/d0/f0855a0ccb26ffeb41e6db68b5cbb25d7e9ba1f8f19151eef36210e64efc/grpcio_tools-1.67.1-cp313-cp313-win_amd64.whl", hash = "sha256:6961da86e9856b4ddee0bf51ef6636b4bf9c29c0715aa71f3c8f027c45d42654", size = 1089819 },
]

[[package]]
name = "linkify-it-py"
version = "2.0.3"
source = { registry = "https://pypi.org/simple" }
dependencies = [
    { name = "uc-micro-py" },
]
sdist = { url = "https://files.pythonhosted.org/packages/2a/ae/bb56c6828e4797ba5a4821eec7c43b8bf40f69cda4d4f5f8c8a2810ec96a/linkify-it-py-2.0.3.tar.gz", hash = "sha256:68cda27e162e9215c17d786649d1da0021a451bdc436ef9e0fa0ba5234b9b048", size = 27946 }
wheels = [
    { url = "https://files.pythonhosted.org/packages/04/1e/b832de447dee8b582cac175871d2f6c3d5077cc56d5575cadba1fd1cccfa/linkify_it_py-2.0.3-py3-none-any.whl", hash = "sha256:6bcbc417b0ac14323382aef5c5192c0075bf8a9d6b41820a2b66371eac6b6d79", size = 19820 },
]

[[package]]
name = "markdown-it-py"
version = "3.0.0"
source = { registry = "https://pypi.org/simple" }
dependencies = [
    { name = "mdurl" },
]
sdist = { url = "https://files.pythonhosted.org/packages/38/71/3b932df36c1a044d397a1f92d1cf91ee0a503d91e470cbd670aa66b07ed0/markdown-it-py-3.0.0.tar.gz", hash = "sha256:e3f60a94fa066dc52ec76661e37c851cb232d92f9886b15cb560aaada2df8feb", size = 74596 }
wheels = [
    { url = "https://files.pythonhosted.org/packages/42/d7/1ec15b46af6af88f19b8e5ffea08fa375d433c998b8a7639e76935c14f1f/markdown_it_py-3.0.0-py3-none-any.whl", hash = "sha256:355216845c60bd96232cd8d8c40e8f9765cc86f46880e43a8fd22dc1a1a8cab1", size = 87528 },
]

[package.optional-dependencies]
linkify = [
    { name = "linkify-it-py" },
]
plugins = [
    { name = "mdit-py-plugins" },
]

[[package]]
name = "mdit-py-plugins"
version = "0.4.2"
source = { registry = "https://pypi.org/simple" }
dependencies = [
    { name = "markdown-it-py" },
]
sdist = { url = "https://files.pythonhosted.org/packages/19/03/a2ecab526543b152300717cf232bb4bb8605b6edb946c845016fa9c9c9fd/mdit_py_plugins-0.4.2.tar.gz", hash = "sha256:5f2cd1fdb606ddf152d37ec30e46101a60512bc0e5fa1a7002c36647b09e26b5", size = 43542 }
wheels = [
    { url = "https://files.pythonhosted.org/packages/a7/f7/7782a043553ee469c1ff49cfa1cdace2d6bf99a1f333cf38676b3ddf30da/mdit_py_plugins-0.4.2-py3-none-any.whl", hash = "sha256:0c673c3f889399a33b95e88d2f0d111b4447bdfea7f237dab2d488f459835636", size = 55316 },
]

[[package]]
name = "mdurl"
version = "0.1.2"
source = { registry = "https://pypi.org/simple" }
sdist = { url = "https://files.pythonhosted.org/packages/d6/54/cfe61301667036ec958cb99bd3efefba235e65cdeb9c84d24a8293ba1d90/mdurl-0.1.2.tar.gz", hash = "sha256:bb413d29f5eea38f31dd4754dd7377d4465116fb207585f97bf925588687c1ba", size = 8729 }
wheels = [
    { url = "https://files.pythonhosted.org/packages/b3/38/89ba8ad64ae25be8de66a6d463314cf1eb366222074cfda9ee839c56a4b4/mdurl-0.1.2-py3-none-any.whl", hash = "sha256:84008a41e51615a49fc9966191ff91509e3c40b939176e643fd50a5c2196b8f8", size = 9979 },
]

[[package]]
name = "node"
version = "0.1.0"
source = { virtual = "." }
dependencies = [
    { name = "grpcio" },
    { name = "grpcio-tools" },
    { name = "textual" },
]

[package.metadata]
requires-dist = [
    { name = "grpcio", specifier = ">=1.67.1" },
    { name = "grpcio-tools", specifier = ">=1.67.1" },
    { name = "textual", specifier = ">=0.86.1" },
]

[[package]]
name = "platformdirs"
version = "4.3.6"
source = { registry = "https://pypi.org/simple" }
sdist = { url = "https://files.pythonhosted.org/packages/13/fc/128cc9cb8f03208bdbf93d3aa862e16d376844a14f9a0ce5cf4507372de4/platformdirs-4.3.6.tar.gz", hash = "sha256:357fb2acbc885b0419afd3ce3ed34564c13c9b95c89360cd9563f73aa5e2b907", size = 21302 }
wheels = [
    { url = "https://files.pythonhosted.org/packages/3c/a6/bc1012356d8ece4d66dd75c4b9fc6c1f6650ddd5991e421177d9f8f671be/platformdirs-4.3.6-py3-none-any.whl", hash = "sha256:73e575e1408ab8103900836b97580d5307456908a03e92031bab39e4554cc3fb", size = 18439 },
]

[[package]]
name = "protobuf"
version = "5.28.3"
source = { registry = "https://pypi.org/simple" }
sdist = { url = "https://files.pythonhosted.org/packages/74/6e/e69eb906fddcb38f8530a12f4b410699972ab7ced4e21524ece9d546ac27/protobuf-5.28.3.tar.gz", hash = "sha256:64badbc49180a5e401f373f9ce7ab1d18b63f7dd4a9cdc43c92b9f0b481cef7b", size = 422479 }
wheels = [
    { url = "https://files.pythonhosted.org/packages/d1/c5/05163fad52d7c43e124a545f1372d18266db36036377ad29de4271134a6a/protobuf-5.28.3-cp310-abi3-win32.whl", hash = "sha256:0c4eec6f987338617072592b97943fdbe30d019c56126493111cf24344c1cc24", size = 419624 },
    { url = "https://files.pythonhosted.org/packages/9c/4c/4563ebe001ff30dca9d7ed12e471fa098d9759712980cde1fd03a3a44fb7/protobuf-5.28.3-cp310-abi3-win_amd64.whl", hash = "sha256:91fba8f445723fcf400fdbe9ca796b19d3b1242cd873907979b9ed71e4afe868", size = 431464 },
    { url = "https://files.pythonhosted.org/packages/1c/f2/baf397f3dd1d3e4af7e3f5a0382b868d25ac068eefe1ebde05132333436c/protobuf-5.28.3-cp38-abi3-macosx_10_9_universal2.whl", hash = "sha256:a3f6857551e53ce35e60b403b8a27b0295f7d6eb63d10484f12bc6879c715687", size = 414743 },
    { url = "https://files.pythonhosted.org/packages/85/50/cd61a358ba1601f40e7d38bcfba22e053f40ef2c50d55b55926aecc8fec7/protobuf-5.28.3-cp38-abi3-manylinux2014_aarch64.whl", hash = "sha256:3fa2de6b8b29d12c61911505d893afe7320ce7ccba4df913e2971461fa36d584", size = 316511 },
    { url = "https://files.pythonhosted.org/packages/5d/ae/3257b09328c0b4e59535e497b0c7537d4954038bdd53a2f0d2f49d15a7c4/protobuf-5.28.3-cp38-abi3-manylinux2014_x86_64.whl", hash = "sha256:712319fbdddb46f21abb66cd33cb9e491a5763b2febd8f228251add221981135", size = 316624 },
    { url = "https://files.pythonhosted.org/packages/ad/c3/2377c159e28ea89a91cf1ca223f827ae8deccb2c9c401e5ca233cd73002f/protobuf-5.28.3-py3-none-any.whl", hash = "sha256:cee1757663fa32a1ee673434fcf3bf24dd54763c79690201208bafec62f19eed", size = 169511 },
]

[[package]]
name = "pygments"
version = "2.18.0"
source = { registry = "https://pypi.org/simple" }
sdist = { url = "https://files.pythonhosted.org/packages/8e/62/8336eff65bcbc8e4cb5d05b55faf041285951b6e80f33e2bff2024788f31/pygments-2.18.0.tar.gz", hash = "sha256:786ff802f32e91311bff3889f6e9a86e81505fe99f2735bb6d60ae0c5004f199", size = 4891905 }
wheels = [
    { url = "https://files.pythonhosted.org/packages/f7/3f/01c8b82017c199075f8f788d0d906b9ffbbc5a47dc9918a945e13d5a2bda/pygments-2.18.0-py3-none-any.whl", hash = "sha256:b8e6aca0523f3ab76fee51799c488e38782ac06eafcf95e7ba832985c8e7b13a", size = 1205513 },
]

[[package]]
name = "rich"
version = "13.9.4"
source = { registry = "https://pypi.org/simple" }
dependencies = [
    { name = "markdown-it-py" },
    { name = "pygments" },
]
sdist = { url = "https://files.pythonhosted.org/packages/ab/3a/0316b28d0761c6734d6bc14e770d85506c986c85ffb239e688eeaab2c2bc/rich-13.9.4.tar.gz", hash = "sha256:439594978a49a09530cff7ebc4b5c7103ef57baf48d5ea3184f21d9a2befa098", size = 223149 }
wheels = [
    { url = "https://files.pythonhosted.org/packages/19/71/39c7c0d87f8d4e6c020a393182060eaefeeae6c01dab6a84ec346f2567df/rich-13.9.4-py3-none-any.whl", hash = "sha256:6049d5e6ec054bf2779ab3358186963bac2ea89175919d699e378b99738c2a90", size = 242424 },
]

[[package]]
name = "setuptools"
version = "75.5.0"
source = { registry = "https://pypi.org/simple" }
sdist = { url = "https://files.pythonhosted.org/packages/c8/db/722a42ffdc226e950c4757b3da7b56ff5c090bb265dccd707f7b8a3c6fee/setuptools-75.5.0.tar.gz", hash = "sha256:5c4ccb41111392671f02bb5f8436dfc5a9a7185e80500531b133f5775c4163ef", size = 1336032 }
wheels = [
    { url = "https://files.pythonhosted.org/packages/fe/df/88ccbee85aefbca071db004fdc8f8d2507d55d5a9dc27ebb93c92edb1bd8/setuptools-75.5.0-py3-none-any.whl", hash = "sha256:87cb777c3b96d638ca02031192d40390e0ad97737e27b6b4fa831bea86f2f829", size = 1222710 },
]

[[package]]
name = "textual"
version = "0.86.1"
source = { registry = "https://pypi.org/simple" }
dependencies = [
    { name = "markdown-it-py", extra = ["linkify", "plugins"] },
    { name = "platformdirs" },
    { name = "rich" },
    { name = "typing-extensions" },
]
sdist = { url = "https://files.pythonhosted.org/packages/56/c6/435723343db6a65ed92950d1e20ded920c4c22e6e785ea0e369abd4ac1c7/textual-0.86.1.tar.gz", hash = "sha256:a6e68de5383415f222f26b4049c2a92ed204071fdfebe3d729f8dd373ca5f519", size = 1496752 }
wheels = [
    { url = "https://files.pythonhosted.org/packages/fe/a3/2b7bfd8d0665072a77459f51b600445939aee8a9d25bc3d546c9ac879a19/textual-0.86.1-py3-none-any.whl", hash = "sha256:ebc2bfd92c2f1a451c12dcbcfda002598a2fc9793d1684be83514b5fba75f915", size = 646857 },
]

[[package]]
name = "typing-extensions"
version = "4.12.2"
source = { registry = "https://pypi.org/simple" }
sdist = { url = "https://files.pythonhosted.org/packages/df/db/f35a00659bc03fec321ba8bce9420de607a1d37f8342eee1863174c69557/typing_extensions-4.12.2.tar.gz", hash = "sha256:1a7ead55c7e559dd4dee8856e3a88b41225abfe1ce8df57b7c13915fe121ffb8", size = 85321 }
wheels = [
    { url = "https://files.pythonhosted.org/packages/26/9f/ad63fc0248c5379346306f8668cda6e2e2e9c95e01216d2b8ffd9ff037d0/typing_extensions-4.12.2-py3-none-any.whl", hash = "sha256:04e5ca0351e0f3f85c6853954072df659d0d13fac324d0072316b67d7794700d", size = 37438 },
]

[[package]]
name = "uc-micro-py"
version = "1.0.3"
source = { registry = "https://pypi.org/simple" }
sdist = { url = "https://files.pythonhosted.org/packages/91/7a/146a99696aee0609e3712f2b44c6274566bc368dfe8375191278045186b8/uc-micro-py-1.0.3.tar.gz", hash = "sha256:d321b92cff673ec58027c04015fcaa8bb1e005478643ff4a500882eaab88c48a", size = 6043 }
wheels = [
    { url = "https://files.pythonhosted.org/packages/37/87/1f677586e8ac487e29672e4b17455758fce261de06a0d086167bb760361a/uc_micro_py-1.0.3-py3-none-any.whl", hash = "sha256:db1dffff340817673d7b466ec86114a9dc0e9d4d9b5ba229d9d60e5c12600cd5", size = 6229 },
]
